{
    "version": 3,
    "terraform_version": "0.7.4",
    "serial": 2,
    "lineage": "aa813624-571d-4eea-aa83-4fa4002a8125",
    "modules": [
        {
            "path": [
                "root"
            ],
            "outputs": {
                "master_address": {
                    "sensitive": false,
                    "type": "string",
                    "value": "34.251.90.136"
                },
                "node_addresses": {
                    "sensitive": false,
                    "type": "list",
                    "value": [
                        "34.249.159.190",
                        "34.248.183.125",
                        "34.251.58.103",
                        "34.250.91.233"
                    ]
                },
                "sock_shop_address": {
                    "sensitive": false,
                    "type": "string",
                    "value": "microservices-demo-staging-k8s-116029887.eu-west-1.elb.amazonaws.com"
                }
            },
            "resources": {
                "aws_elb.microservices-demo-staging-k8s": {
                    "type": "aws_elb",
                    "depends_on": [
                        "aws_instance.k8s-node",
                        "aws_instance.k8s-node",
                        "aws_security_group.microservices-demo-staging-k8s"
                    ],
                    "primary": {
                        "id": "microservices-demo-staging-k8s",
                        "attributes": {
                            "access_logs.#": "0",
                            "availability_zones.#": "3",
                            "availability_zones.1924028850": "eu-west-1b",
                            "availability_zones.3953592328": "eu-west-1a",
                            "availability_zones.94988580": "eu-west-1c",
                            "connection_draining": "false",
                            "connection_draining_timeout": "300",
                            "cross_zone_load_balancing": "true",
                            "dns_name": "microservices-demo-staging-k8s-116029887.eu-west-1.elb.amazonaws.com",
                            "health_check.#": "1",
                            "health_check.0.healthy_threshold": "10",
                            "health_check.0.interval": "30",
                            "health_check.0.target": "TCP:30002",
                            "health_check.0.timeout": "5",
                            "health_check.0.unhealthy_threshold": "2",
                            "id": "microservices-demo-staging-k8s",
                            "idle_timeout": "60",
                            "instances.#": "4",
                            "instances.2204606750": "i-0cb94b1ef64f145b4",
                            "instances.2311875806": "i-069b3136c48c53688",
                            "instances.3197981519": "i-0dfd11ccd2a104098",
                            "instances.3914710966": "i-00f05281906e16a89",
                            "internal": "false",
                            "listener.#": "1",
                            "listener.734702591.instance_port": "30002",
                            "listener.734702591.instance_protocol": "http",
                            "listener.734702591.lb_port": "80",
                            "listener.734702591.lb_protocol": "http",
                            "listener.734702591.ssl_certificate_id": "",
                            "name": "microservices-demo-staging-k8s",
                            "security_groups.#": "1",
                            "security_groups.1519591902": "sg-bed62fc7",
                            "source_security_group": "376248598259/microservices-demo-staging-k8s",
                            "source_security_group_id": "sg-bed62fc7",
                            "subnets.#": "3",
                            "subnets.1935469360": "subnet-0cb7ca69",
                            "subnets.2081227074": "subnet-cb6fd092",
                            "subnets.4052188306": "subnet-9d4f2aea",
                            "tags.%": "0",
                            "zone_id": "Z32O12XQLNTSW2"
                        },
                        "meta": {},
                        "tainted": false
                    },
                    "deposed": [],
                    "provider": ""
                },
                "aws_instance.k8s-master": {
                    "type": "aws_instance",
                    "depends_on": [
                        "aws_security_group.microservices-demo-staging-k8s"
                    ],
                    "primary": {
                        "id": "i-0570a93ed83e2bd88",
                        "attributes": {
                            "ami": "ami-844e0bf7",
                            "availability_zone": "eu-west-1b",
                            "disable_api_termination": "false",
                            "ebs_block_device.#": "0",
                            "ebs_optimized": "false",
                            "ephemeral_block_device.#": "0",
                            "iam_instance_profile": "",
                            "id": "i-0570a93ed83e2bd88",
                            "instance_state": "running",
                            "instance_type": "m3.large",
                            "key_name": "kubernetes-0491e3dac2a2ad5ef21af84b7f40dc12",
                            "monitoring": "false",
                            "network_interface_id": "eni-daee249a",
                            "private_dns": "ip-172-31-26-37.eu-west-1.compute.internal",
                            "private_ip": "172.31.26.37",
                            "public_dns": "ec2-34-251-90-136.eu-west-1.compute.amazonaws.com",
                            "public_ip": "34.251.90.136",
                            "root_block_device.#": "1",
                            "root_block_device.0.delete_on_termination": "true",
                            "root_block_device.0.iops": "150",
                            "root_block_device.0.volume_size": "50",
                            "root_block_device.0.volume_type": "gp2",
                            "security_groups.#": "1",
                            "security_groups.2590378357": "microservices-demo-staging-k8s",
                            "source_dest_check": "true",
                            "subnet_id": "subnet-9d4f2aea",
                            "tags.%": "1",
                            "tags.Name": "microservices-demo-staging-master",
                            "tenancy": "default",
                            "vpc_security_group_ids.#": "0"
                        },
                        "meta": {
                            "schema_version": "1"
                        },
                        "tainted": false
                    },
                    "deposed": [],
                    "provider": ""
                },
                "aws_instance.k8s-node.0": {
                    "type": "aws_instance",
                    "depends_on": [
                        "aws_instance.k8s-master",
                        "aws_security_group.microservices-demo-staging-k8s"
                    ],
                    "primary": {
                        "id": "i-069b3136c48c53688",
                        "attributes": {
                            "ami": "ami-844e0bf7",
                            "availability_zone": "eu-west-1a",
                            "disable_api_termination": "false",
                            "ebs_block_device.#": "0",
                            "ebs_optimized": "false",
                            "ephemeral_block_device.#": "0",
                            "iam_instance_profile": "",
                            "id": "i-069b3136c48c53688",
                            "instance_state": "running",
                            "instance_type": "m4.xlarge",
                            "key_name": "kubernetes-0491e3dac2a2ad5ef21af84b7f40dc12",
                            "monitoring": "false",
                            "network_interface_id": "eni-6152261e",
                            "private_dns": "ip-172-31-12-237.eu-west-1.compute.internal",
                            "private_ip": "172.31.12.237",
                            "public_dns": "ec2-34-249-159-190.eu-west-1.compute.amazonaws.com",
                            "public_ip": "34.249.159.190",
                            "root_block_device.#": "1",
                            "root_block_device.0.delete_on_termination": "true",
                            "root_block_device.0.iops": "150",
                            "root_block_device.0.volume_size": "50",
                            "root_block_device.0.volume_type": "gp2",
                            "security_groups.#": "1",
                            "security_groups.2590378357": "microservices-demo-staging-k8s",
                            "source_dest_check": "true",
                            "subnet_id": "subnet-0cb7ca69",
                            "tags.%": "1",
                            "tags.Name": "microservices-demo-staging-node",
                            "tenancy": "default",
                            "vpc_security_group_ids.#": "0"
                        },
                        "meta": {
                            "schema_version": "1"
                        },
                        "tainted": false
                    },
                    "deposed": [],
                    "provider": ""
                },
                "aws_instance.k8s-node.1": {
                    "type": "aws_instance",
                    "depends_on": [
                        "aws_instance.k8s-master",
                        "aws_security_group.microservices-demo-staging-k8s"
                    ],
                    "primary": {
                        "id": "i-0cb94b1ef64f145b4",
                        "attributes": {
                            "ami": "ami-844e0bf7",
                            "availability_zone": "eu-west-1a",
                            "disable_api_termination": "false",
                            "ebs_block_device.#": "0",
                            "ebs_optimized": "false",
                            "ephemeral_block_device.#": "0",
                            "iam_instance_profile": "",
                            "id": "i-0cb94b1ef64f145b4",
                            "instance_state": "running",
                            "instance_type": "m4.xlarge",
                            "key_name": "kubernetes-0491e3dac2a2ad5ef21af84b7f40dc12",
                            "monitoring": "false",
                            "network_interface_id": "eni-a75521d8",
                            "private_dns": "ip-172-31-4-159.eu-west-1.compute.internal",
                            "private_ip": "172.31.4.159",
                            "public_dns": "ec2-34-248-183-125.eu-west-1.compute.amazonaws.com",
                            "public_ip": "34.248.183.125",
                            "root_block_device.#": "1",
                            "root_block_device.0.delete_on_termination": "true",
                            "root_block_device.0.iops": "150",
                            "root_block_device.0.volume_size": "50",
                            "root_block_device.0.volume_type": "gp2",
                            "security_groups.#": "1",
                            "security_groups.2590378357": "microservices-demo-staging-k8s",
                            "source_dest_check": "true",
                            "subnet_id": "subnet-0cb7ca69",
                            "tags.%": "1",
                            "tags.Name": "microservices-demo-staging-node",
                            "tenancy": "default",
                            "vpc_security_group_ids.#": "0"
                        },
                        "meta": {
                            "schema_version": "1"
                        },
                        "tainted": false
                    },
                    "deposed": [],
                    "provider": ""
                },
                "aws_instance.k8s-node.2": {
                    "type": "aws_instance",
                    "depends_on": [
                        "aws_instance.k8s-master",
                        "aws_security_group.microservices-demo-staging-k8s"
                    ],
                    "primary": {
                        "id": "i-00f05281906e16a89",
                        "attributes": {
                            "ami": "ami-844e0bf7",
                            "availability_zone": "eu-west-1a",
                            "disable_api_termination": "false",
                            "ebs_block_device.#": "0",
                            "ebs_optimized": "false",
                            "ephemeral_block_device.#": "0",
                            "iam_instance_profile": "",
                            "id": "i-00f05281906e16a89",
                            "instance_state": "running",
                            "instance_type": "m4.xlarge",
                            "key_name": "kubernetes-0491e3dac2a2ad5ef21af84b7f40dc12",
                            "monitoring": "false",
                            "network_interface_id": "eni-b05125cf",
                            "private_dns": "ip-172-31-5-69.eu-west-1.compute.internal",
                            "private_ip": "172.31.5.69",
                            "public_dns": "ec2-34-251-58-103.eu-west-1.compute.amazonaws.com",
                            "public_ip": "34.251.58.103",
                            "root_block_device.#": "1",
                            "root_block_device.0.delete_on_termination": "true",
                            "root_block_device.0.iops": "150",
                            "root_block_device.0.volume_size": "50",
                            "root_block_device.0.volume_type": "gp2",
                            "security_groups.#": "1",
                            "security_groups.2590378357": "microservices-demo-staging-k8s",
                            "source_dest_check": "true",
                            "subnet_id": "subnet-0cb7ca69",
                            "tags.%": "1",
                            "tags.Name": "microservices-demo-staging-node",
                            "tenancy": "default",
                            "vpc_security_group_ids.#": "0"
                        },
                        "meta": {
                            "schema_version": "1"
                        },
                        "tainted": false
                    },
                    "deposed": [],
                    "provider": ""
                },
                "aws_instance.k8s-node.3": {
                    "type": "aws_instance",
                    "depends_on": [
                        "aws_instance.k8s-master",
                        "aws_security_group.microservices-demo-staging-k8s"
                    ],
                    "primary": {
                        "id": "i-0dfd11ccd2a104098",
                        "attributes": {
                            "ami": "ami-844e0bf7",
                            "availability_zone": "eu-west-1a",
                            "disable_api_termination": "false",
                            "ebs_block_device.#": "0",
                            "ebs_optimized": "false",
                            "ephemeral_block_device.#": "0",
                            "iam_instance_profile": "",
                            "id": "i-0dfd11ccd2a104098",
                            "instance_state": "running",
                            "instance_type": "m4.xlarge",
                            "key_name": "kubernetes-0491e3dac2a2ad5ef21af84b7f40dc12",
                            "monitoring": "false",
                            "network_interface_id": "eni-46562239",
                            "private_dns": "ip-172-31-11-53.eu-west-1.compute.internal",
                            "private_ip": "172.31.11.53",
                            "public_dns": "ec2-34-250-91-233.eu-west-1.compute.amazonaws.com",
                            "public_ip": "34.250.91.233",
                            "root_block_device.#": "1",
                            "root_block_device.0.delete_on_termination": "true",
                            "root_block_device.0.iops": "150",
                            "root_block_device.0.volume_size": "50",
                            "root_block_device.0.volume_type": "gp2",
                            "security_groups.#": "1",
                            "security_groups.2590378357": "microservices-demo-staging-k8s",
                            "source_dest_check": "true",
                            "subnet_id": "subnet-0cb7ca69",
                            "tags.%": "1",
                            "tags.Name": "microservices-demo-staging-node",
                            "tenancy": "default",
                            "vpc_security_group_ids.#": "0"
                        },
                        "meta": {
                            "schema_version": "1"
                        },
                        "tainted": false
                    },
                    "deposed": [],
                    "provider": ""
                },
                "aws_security_group.microservices-demo-staging-k8s": {
                    "type": "aws_security_group",
                    "depends_on": [],
                    "primary": {
                        "id": "sg-bed62fc7",
                        "attributes": {
                            "description": "allow all internal traffic, all traffic from bastion and http from anywhere",
                            "egress.#": "1",
                            "egress.482069346.cidr_blocks.#": "1",
                            "egress.482069346.cidr_blocks.0": "0.0.0.0/0",
                            "egress.482069346.from_port": "0",
                            "egress.482069346.prefix_list_ids.#": "0",
                            "egress.482069346.protocol": "-1",
                            "egress.482069346.security_groups.#": "0",
                            "egress.482069346.self": "false",
                            "egress.482069346.to_port": "0",
                            "id": "sg-bed62fc7",
                            "ingress.#": "3",
                            "ingress.1242156715.cidr_blocks.#": "0",
                            "ingress.1242156715.from_port": "0",
                            "ingress.1242156715.protocol": "-1",
                            "ingress.1242156715.security_groups.#": "1",
                            "ingress.1242156715.security_groups.2967719677": "sg-16ad8171",
                            "ingress.1242156715.self": "false",
                            "ingress.1242156715.to_port": "0",
                            "ingress.2214680975.cidr_blocks.#": "1",
                            "ingress.2214680975.cidr_blocks.0": "0.0.0.0/0",
                            "ingress.2214680975.from_port": "80",
                            "ingress.2214680975.protocol": "tcp",
                            "ingress.2214680975.security_groups.#": "0",
                            "ingress.2214680975.self": "false",
                            "ingress.2214680975.to_port": "80",
                            "ingress.753360330.cidr_blocks.#": "0",
                            "ingress.753360330.from_port": "0",
                            "ingress.753360330.protocol": "-1",
                            "ingress.753360330.security_groups.#": "0",
                            "ingress.753360330.self": "true",
                            "ingress.753360330.to_port": "0",
                            "name": "microservices-demo-staging-k8s",
                            "owner_id": "376248598259",
                            "tags.%": "0",
                            "vpc_id": "vpc-fdb53598"
                        },
                        "meta": {},
                        "tainted": false
                    },
                    "deposed": [],
                    "provider": ""
                },
                "null_resource.cleanup": {
                    "type": "null_resource",
                    "depends_on": [
                        "aws_instance.k8s-node"
                    ],
                    "primary": {
                        "id": "986469694325543795",
                        "attributes": {
                            "id": "986469694325543795"
                        },
                        "meta": {},
                        "tainted": false
                    },
                    "deposed": [],
                    "provider": ""
                },
                "null_resource.sock-shop": {
                    "type": "null_resource",
                    "depends_on": [
                        "aws_instance.k8s-master",
                        "null_resource.weave"
                    ],
                    "primary": {
                        "id": "5982230036677778510",
                        "attributes": {
                            "id": "5982230036677778510"
                        },
                        "meta": {},
                        "tainted": false
                    },
                    "deposed": [],
                    "provider": ""
                },
                "null_resource.weave": {
                    "type": "null_resource",
                    "depends_on": [
                        "aws_instance.k8s-master",
                        "aws_instance.k8s-node"
                    ],
                    "primary": {
                        "id": "1281857310521009325",
                        "attributes": {
                            "id": "1281857310521009325"
                        },
                        "meta": {},
                        "tainted": false
                    },
                    "deposed": [],
                    "provider": ""
                }
            },
            "depends_on": []
        }
    ]
}
